// !$*UTF8*$!
{
	archiveVersion = 1;
	classes = {
	};
	objectVersion = 56;
	objects = {

/* Begin PBXBuildFile section */
		890BE6B02A1F6976009D04C8 /* OnlineStore.xcdatamodeld in Sources */ = {isa = PBXBuildFile; fileRef = 890BE6AE2A1F6976009D04C8 /* OnlineStore.xcdatamodeld */; };
		890BE6B22A1F9529009D04C8 /* Placeholder.swift in Sources */ = {isa = PBXBuildFile; fileRef = 890BE6B12A1F9529009D04C8 /* Placeholder.swift */; };
		890BE6B42A1F9590009D04C8 /* PlaceholderViewModel.swift in Sources */ = {isa = PBXBuildFile; fileRef = 890BE6B32A1F9590009D04C8 /* PlaceholderViewModel.swift */; };
		890BE6B62A262E1C009D04C8 /* Registration.swift in Sources */ = {isa = PBXBuildFile; fileRef = 890BE6B52A262E1C009D04C8 /* Registration.swift */; };
		890BE6B82A274D31009D04C8 /* Home.swift in Sources */ = {isa = PBXBuildFile; fileRef = 890BE6B72A274D31009D04C8 /* Home.swift */; };
		890BE6BC2A274DED009D04C8 /* Tab.swift in Sources */ = {isa = PBXBuildFile; fileRef = 890BE6BB2A274DED009D04C8 /* Tab.swift */; };
		890BE6BE2A2750D9009D04C8 /* Settings.swift in Sources */ = {isa = PBXBuildFile; fileRef = 890BE6BD2A2750D9009D04C8 /* Settings.swift */; };
		890BE6C02A2750E3009D04C8 /* Categories.swift in Sources */ = {isa = PBXBuildFile; fileRef = 890BE6BF2A2750E3009D04C8 /* Categories.swift */; };
		890BE6C22A2750EA009D04C8 /* ShoppingCartView.swift in Sources */ = {isa = PBXBuildFile; fileRef = 890BE6C12A2750EA009D04C8 /* ShoppingCartView.swift */; };
		890BE6C42A275149009D04C8 /* TabController.swift in Sources */ = {isa = PBXBuildFile; fileRef = 890BE6C32A275149009D04C8 /* TabController.swift */; };
		890BE6C62A276367009D04C8 /* ProductRectangle.swift in Sources */ = {isa = PBXBuildFile; fileRef = 890BE6C52A276367009D04C8 /* ProductRectangle.swift */; };
		890BE6CC2A2DED92009D04C8 /* ProductRound.swift in Sources */ = {isa = PBXBuildFile; fileRef = 890BE6CB2A2DED92009D04C8 /* ProductRound.swift */; };
		890BE6CE2A2DF439009D04C8 /* ShoppingCartItem.swift in Sources */ = {isa = PBXBuildFile; fileRef = 890BE6CD2A2DF439009D04C8 /* ShoppingCartItem.swift */; };
		890BE6D02A30BD57009D04C8 /* Management.swift in Sources */ = {isa = PBXBuildFile; fileRef = 890BE6CF2A30BD57009D04C8 /* Management.swift */; };
		890BE6D22A35D501009D04C8 /* RectangleButton.swift in Sources */ = {isa = PBXBuildFile; fileRef = 890BE6D12A35D501009D04C8 /* RectangleButton.swift */; };
		890BE6D42A35D9DB009D04C8 /* NewProduct.swift in Sources */ = {isa = PBXBuildFile; fileRef = 890BE6D32A35D9DB009D04C8 /* NewProduct.swift */; };
		8911A3452A3B4578000B8269 /* Login.swift in Sources */ = {isa = PBXBuildFile; fileRef = 8911A3442A3B4578000B8269 /* Login.swift */; };
		891D7A5D2A56B845008F284E /* AddProductButton.swift in Sources */ = {isa = PBXBuildFile; fileRef = 891D7A5C2A56B845008F284E /* AddProductButton.swift */; };
		895947DE2A825EAF00B70E83 /* CheckoutItemList.swift in Sources */ = {isa = PBXBuildFile; fileRef = 895947DD2A825EAF00B70E83 /* CheckoutItemList.swift */; };
		895947E02A82717B00B70E83 /* InvoiceFields.swift in Sources */ = {isa = PBXBuildFile; fileRef = 895947DF2A82717B00B70E83 /* InvoiceFields.swift */; };
		895947E22A82726000B70E83 /* InvoiceRow.swift in Sources */ = {isa = PBXBuildFile; fileRef = 895947E12A82726000B70E83 /* InvoiceRow.swift */; };
		895947E42A82777C00B70E83 /* InvoiceRowBold.swift in Sources */ = {isa = PBXBuildFile; fileRef = 895947E32A82777C00B70E83 /* InvoiceRowBold.swift */; };
		895947E62A8278A300B70E83 /* ShippingOptions.swift in Sources */ = {isa = PBXBuildFile; fileRef = 895947E52A8278A300B70E83 /* ShippingOptions.swift */; };
		895947E82A827B0000B70E83 /* ShippingOptionCheckbox.swift in Sources */ = {isa = PBXBuildFile; fileRef = 895947E72A827B0000B70E83 /* ShippingOptionCheckbox.swift */; };
		895947EA2A827D0800B70E83 /* PaymentOptions.swift in Sources */ = {isa = PBXBuildFile; fileRef = 895947E92A827D0800B70E83 /* PaymentOptions.swift */; };
		895947EC2A827D5800B70E83 /* PaymentOptionCheckbox.swift in Sources */ = {isa = PBXBuildFile; fileRef = 895947EB2A827D5800B70E83 /* PaymentOptionCheckbox.swift */; };
		895947EE2A82805500B70E83 /* ProductCounter.swift in Sources */ = {isa = PBXBuildFile; fileRef = 895947ED2A82805500B70E83 /* ProductCounter.swift */; };
		895947F02A8280FA00B70E83 /* ShoppingCartTotal.swift in Sources */ = {isa = PBXBuildFile; fileRef = 895947EF2A8280FA00B70E83 /* ShoppingCartTotal.swift */; };
		895947F22A82821600B70E83 /* ShoppingCartItemList.swift in Sources */ = {isa = PBXBuildFile; fileRef = 895947F12A82821600B70E83 /* ShoppingCartItemList.swift */; };
		895947F42A8282A900B70E83 /* OrderCounter.swift in Sources */ = {isa = PBXBuildFile; fileRef = 895947F32A8282A900B70E83 /* OrderCounter.swift */; };
		895947F62A8282F500B70E83 /* OrderItemList.swift in Sources */ = {isa = PBXBuildFile; fileRef = 895947F52A8282F500B70E83 /* OrderItemList.swift */; };
		895947F82A83DF7B00B70E83 /* ReviewViewModel.swift in Sources */ = {isa = PBXBuildFile; fileRef = 895947F72A83DF7B00B70E83 /* ReviewViewModel.swift */; };
		895947FA2A83E1C700B70E83 /* AddReview.swift in Sources */ = {isa = PBXBuildFile; fileRef = 895947F92A83E1C700B70E83 /* AddReview.swift */; };
		895947FC2A841FBB00B70E83 /* ReviewItem.swift in Sources */ = {isa = PBXBuildFile; fileRef = 895947FB2A841FBB00B70E83 /* ReviewItem.swift */; };
		895947FE2A8530B900B70E83 /* EmptyCategory.swift in Sources */ = {isa = PBXBuildFile; fileRef = 895947FD2A8530B900B70E83 /* EmptyCategory.swift */; };
		895E7C452A3752D10024956E /* ProductManagement.swift in Sources */ = {isa = PBXBuildFile; fileRef = 895E7C442A3752D10024956E /* ProductManagement.swift */; };
		895E7C4A2A39E5350024956E /* CategoryPage.swift in Sources */ = {isa = PBXBuildFile; fileRef = 895E7C492A39E5350024956E /* CategoryPage.swift */; };
		895E7C4C2A39E5410024956E /* ProductPage.swift in Sources */ = {isa = PBXBuildFile; fileRef = 895E7C4B2A39E5410024956E /* ProductPage.swift */; };
		895E7C4E2A39EB380024956E /* PlaceholderImage.swift in Sources */ = {isa = PBXBuildFile; fileRef = 895E7C4D2A39EB380024956E /* PlaceholderImage.swift */; };
		895E7C522A39EE430024956E /* ExampleText.swift in Sources */ = {isa = PBXBuildFile; fileRef = 895E7C512A39EE430024956E /* ExampleText.swift */; };
		8966C4022A67790F00004358 /* ProductViewModel.swift in Sources */ = {isa = PBXBuildFile; fileRef = 8966C4012A67790F00004358 /* ProductViewModel.swift */; };
		8966C40B2A6A69D300004358 /* Review+CoreDataClass.swift in Sources */ = {isa = PBXBuildFile; fileRef = 8966C4042A6A69D300004358 /* Review+CoreDataClass.swift */; };
		8966C40C2A6A69D300004358 /* Review+CoreDataProperties.swift in Sources */ = {isa = PBXBuildFile; fileRef = 8966C4052A6A69D300004358 /* Review+CoreDataProperties.swift */; };
		8966C40D2A6A69D300004358 /* Category+CoreDataClass.swift in Sources */ = {isa = PBXBuildFile; fileRef = 8966C4062A6A69D300004358 /* Category+CoreDataClass.swift */; };
		8966C40E2A6A69D300004358 /* Category+CoreDataProperties.swift in Sources */ = {isa = PBXBuildFile; fileRef = 8966C4072A6A69D300004358 /* Category+CoreDataProperties.swift */; };
		8966C40F2A6A69D300004358 /* User+CoreDataClass.swift in Sources */ = {isa = PBXBuildFile; fileRef = 8966C4082A6A69D300004358 /* User+CoreDataClass.swift */; };
		8966C4182A6A6AE800004358 /* Product+CoreDataClass.swift in Sources */ = {isa = PBXBuildFile; fileRef = 8966C4172A6A6AE800004358 /* Product+CoreDataClass.swift */; };
		8966C41A2A71653700004358 /* Checkout.swift in Sources */ = {isa = PBXBuildFile; fileRef = 8966C4192A71653700004358 /* Checkout.swift */; };
		8966C41E2A77F8E800004358 /* CheckoutItem.swift in Sources */ = {isa = PBXBuildFile; fileRef = 8966C41D2A77F8E700004358 /* CheckoutItem.swift */; };
		8966C4202A78032D00004358 /* PurchaseButton.swift in Sources */ = {isa = PBXBuildFile; fileRef = 8966C41F2A78032C00004358 /* PurchaseButton.swift */; };
		898F1FCC2A55BF56007CC4B7 /* DeleteUsersButton.swift in Sources */ = {isa = PBXBuildFile; fileRef = 898F1FCB2A55BF56007CC4B7 /* DeleteUsersButton.swift */; };
		898F1FD22A55BFC2007CC4B7 /* ExistingAccountButton.swift in Sources */ = {isa = PBXBuildFile; fileRef = 898F1FD12A55BFC2007CC4B7 /* ExistingAccountButton.swift */; };
		898F1FD42A55BFF1007CC4B7 /* LoginButton.swift in Sources */ = {isa = PBXBuildFile; fileRef = 898F1FD32A55BFF1007CC4B7 /* LoginButton.swift */; };
		898F1FD62A55C018007CC4B7 /* LogoutButton.swift in Sources */ = {isa = PBXBuildFile; fileRef = 898F1FD52A55C018007CC4B7 /* LogoutButton.swift */; };
		898F1FD82A55C03C007CC4B7 /* NoAccountButton.swift in Sources */ = {isa = PBXBuildFile; fileRef = 898F1FD72A55C03C007CC4B7 /* NoAccountButton.swift */; };
		898F1FDC2A55C091007CC4B7 /* RegisterButton.swift in Sources */ = {isa = PBXBuildFile; fileRef = 898F1FDB2A55C091007CC4B7 /* RegisterButton.swift */; };
		89A596162A547F3600ADDFEC /* ProductFields.swift in Sources */ = {isa = PBXBuildFile; fileRef = 89A596152A547F3600ADDFEC /* ProductFields.swift */; };
		89A596192A548DE800ADDFEC /* CategoryPicker.swift in Sources */ = {isa = PBXBuildFile; fileRef = 89A596182A548DE800ADDFEC /* CategoryPicker.swift */; };
		89A5961B2A548EB600ADDFEC /* ProductPhoto.swift in Sources */ = {isa = PBXBuildFile; fileRef = 89A5961A2A548EB600ADDFEC /* ProductPhoto.swift */; };
		89A5961D2A54A70600ADDFEC /* Highlight.swift in Sources */ = {isa = PBXBuildFile; fileRef = 89A5961C2A54A70600ADDFEC /* Highlight.swift */; };
		89A5961F2A54B82300ADDFEC /* HighlightList.swift in Sources */ = {isa = PBXBuildFile; fileRef = 89A5961E2A54B82300ADDFEC /* HighlightList.swift */; };
		89BECF592A1F5DD700BD0034 /* OnlineStoreApp.swift in Sources */ = {isa = PBXBuildFile; fileRef = 89BECF582A1F5DD700BD0034 /* OnlineStoreApp.swift */; };
		89BECF5B2A1F5DD700BD0034 /* ContentView.swift in Sources */ = {isa = PBXBuildFile; fileRef = 89BECF5A2A1F5DD700BD0034 /* ContentView.swift */; };
		89BECF5D2A1F5DD800BD0034 /* Assets.xcassets in Resources */ = {isa = PBXBuildFile; fileRef = 89BECF5C2A1F5DD800BD0034 /* Assets.xcassets */; };
		89BECF602A1F5DD800BD0034 /* Preview Assets.xcassets in Resources */ = {isa = PBXBuildFile; fileRef = 89BECF5F2A1F5DD800BD0034 /* Preview Assets.xcassets */; };
		89BECF622A1F5DD800BD0034 /* Persistence.swift in Sources */ = {isa = PBXBuildFile; fileRef = 89BECF612A1F5DD800BD0034 /* Persistence.swift */; };
		89BF1FAC2A7A7E2A00779C30 /* Product+CoreDataProperties.swift in Sources */ = {isa = PBXBuildFile; fileRef = 89BF1FA72A7A7E2A00779C30 /* Product+CoreDataProperties.swift */; };
		89BF1FAE2A7A7E2A00779C30 /* User+CoreDataProperties.swift in Sources */ = {isa = PBXBuildFile; fileRef = 89BF1FA92A7A7E2A00779C30 /* User+CoreDataProperties.swift */; };
		89BF1FAF2A7A7E2A00779C30 /* Order+CoreDataClass.swift in Sources */ = {isa = PBXBuildFile; fileRef = 89BF1FAA2A7A7E2A00779C30 /* Order+CoreDataClass.swift */; };
		89BF1FB02A7A7E2A00779C30 /* Order+CoreDataProperties.swift in Sources */ = {isa = PBXBuildFile; fileRef = 89BF1FAB2A7A7E2A00779C30 /* Order+CoreDataProperties.swift */; };
		89BF1FB22A7A821C00779C30 /* OrderViewModel.swift in Sources */ = {isa = PBXBuildFile; fileRef = 89BF1FB12A7A821C00779C30 /* OrderViewModel.swift */; };
		89BF1FB42A7D29B100779C30 /* OrderView.swift in Sources */ = {isa = PBXBuildFile; fileRef = 89BF1FB32A7D29B100779C30 /* OrderView.swift */; };
		89BF1FB62A7D29C700779C30 /* EmptyOrder.swift in Sources */ = {isa = PBXBuildFile; fileRef = 89BF1FB52A7D29C700779C30 /* EmptyOrder.swift */; };
		89BF1FB82A7D2D8000779C30 /* ShoppingCartPicker.swift in Sources */ = {isa = PBXBuildFile; fileRef = 89BF1FB72A7D2D8000779C30 /* ShoppingCartPicker.swift */; };
		89BF1FBA2A7D2EC800779C30 /* OrderItemsAndCounter.swift in Sources */ = {isa = PBXBuildFile; fileRef = 89BF1FB92A7D2EC800779C30 /* OrderItemsAndCounter.swift */; };
		89BF1FC02A7D436A00779C30 /* OrderItem.swift in Sources */ = {isa = PBXBuildFile; fileRef = 89BF1FBF2A7D436A00779C30 /* OrderItem.swift */; };
		89BF1FC22A7D691A00779C30 /* NotificationViewModel.swift in Sources */ = {isa = PBXBuildFile; fileRef = 89BF1FC12A7D691A00779C30 /* NotificationViewModel.swift */; };
		89D7F5652A87B8100059387C /* UserManagement.swift in Sources */ = {isa = PBXBuildFile; fileRef = 89D7F5642A87B8100059387C /* UserManagement.swift */; };
		89D7F5672A87B9B10059387C /* EditProduct.swift in Sources */ = {isa = PBXBuildFile; fileRef = 89D7F5662A87B9B10059387C /* EditProduct.swift */; };
		89D7F5692A87B9BE0059387C /* EditUser.swift in Sources */ = {isa = PBXBuildFile; fileRef = 89D7F5682A87B9BE0059387C /* EditUser.swift */; };
		89D7F56B2A87C59D0059387C /* EditProductButton.swift in Sources */ = {isa = PBXBuildFile; fileRef = 89D7F56A2A87C59D0059387C /* EditProductButton.swift */; };
		89D7F56D2A88F8670059387C /* EditUserButton.swift in Sources */ = {isa = PBXBuildFile; fileRef = 89D7F56C2A88F8670059387C /* EditUserButton.swift */; };
		89E971742A4B0EF500699258 /* AppData.swift in Sources */ = {isa = PBXBuildFile; fileRef = 89E971732A4B0EF500699258 /* AppData.swift */; };
		89E971762A4B0F2800699258 /* AppViewModel.swift in Sources */ = {isa = PBXBuildFile; fileRef = 89E971752A4B0F2800699258 /* AppViewModel.swift */; };
		89E971782A4C1C6B00699258 /* LoadingOverlay.swift in Sources */ = {isa = PBXBuildFile; fileRef = 89E971772A4C1C6B00699258 /* LoadingOverlay.swift */; };
		89E9717A2A4D7E0F00699258 /* Validation.swift in Sources */ = {isa = PBXBuildFile; fileRef = 89E971792A4D7E0F00699258 /* Validation.swift */; };
		89E9717C2A4D976800699258 /* LoginState.swift in Sources */ = {isa = PBXBuildFile; fileRef = 89E9717B2A4D976800699258 /* LoginState.swift */; };
		89E971832A4DDB9E00699258 /* UserViewModel.swift in Sources */ = {isa = PBXBuildFile; fileRef = 89E971822A4DDB9E00699258 /* UserViewModel.swift */; };
		89E971852A516F5200699258 /* RegistrationFields.swift in Sources */ = {isa = PBXBuildFile; fileRef = 89E971842A516F5200699258 /* RegistrationFields.swift */; };
		89E9718A2A517A7800699258 /* LoginFields.swift in Sources */ = {isa = PBXBuildFile; fileRef = 89E971892A517A7800699258 /* LoginFields.swift */; };
		89E971952A51E78C00699258 /* TopProducts.swift in Sources */ = {isa = PBXBuildFile; fileRef = 89E971942A51E78C00699258 /* TopProducts.swift */; };
		89E971972A51E81F00699258 /* CategoryGrid.swift in Sources */ = {isa = PBXBuildFile; fileRef = 89E971962A51E81F00699258 /* CategoryGrid.swift */; };
		89E971992A51E8AB00699258 /* CheckoutButton.swift in Sources */ = {isa = PBXBuildFile; fileRef = 89E971982A51E8AB00699258 /* CheckoutButton.swift */; };
		89E9719B2A51E8FF00699258 /* EmptyCart.swift in Sources */ = {isa = PBXBuildFile; fileRef = 89E9719A2A51E8FF00699258 /* EmptyCart.swift */; };
		89E9719D2A51E95D00699258 /* CartItemsAndCounter.swift in Sources */ = {isa = PBXBuildFile; fileRef = 89E9719C2A51E95D00699258 /* CartItemsAndCounter.swift */; };
		89E9719F2A51EB4400699258 /* CategoriesWithTitle.swift in Sources */ = {isa = PBXBuildFile; fileRef = 89E9719E2A51EB4400699258 /* CategoriesWithTitle.swift */; };
		89E971A12A51EBCB00699258 /* ProductGrid.swift in Sources */ = {isa = PBXBuildFile; fileRef = 89E971A02A51EBCB00699258 /* ProductGrid.swift */; };
		89E971A32A51EC4400699258 /* ProductImages.swift in Sources */ = {isa = PBXBuildFile; fileRef = 89E971A22A51EC4400699258 /* ProductImages.swift */; };
		89E971A52A51EC9C00699258 /* PriceText.swift in Sources */ = {isa = PBXBuildFile; fileRef = 89E971A42A51EC9C00699258 /* PriceText.swift */; };
		89E971A72A51ECEC00699258 /* ProductDescription.swift in Sources */ = {isa = PBXBuildFile; fileRef = 89E971A62A51ECEC00699258 /* ProductDescription.swift */; };
		89E971A92A51ED8E00699258 /* ProductHighlights.swift in Sources */ = {isa = PBXBuildFile; fileRef = 89E971A82A51ED8E00699258 /* ProductHighlights.swift */; };
		89E971AB2A51EDCD00699258 /* ProductReviews.swift in Sources */ = {isa = PBXBuildFile; fileRef = 89E971AA2A51EDCD00699258 /* ProductReviews.swift */; };
		89E971AD2A51EEA100699258 /* ProductToolbar.swift in Sources */ = {isa = PBXBuildFile; fileRef = 89E971AC2A51EEA100699258 /* ProductToolbar.swift */; };
		89E971B02A51F0B900699258 /* HomeTab.swift in Sources */ = {isa = PBXBuildFile; fileRef = 89E971AF2A51F0B900699258 /* HomeTab.swift */; };
		89E971B22A51F0DD00699258 /* ShoppingCartTab.swift in Sources */ = {isa = PBXBuildFile; fileRef = 89E971B12A51F0DD00699258 /* ShoppingCartTab.swift */; };
		89E971B42A51F0EB00699258 /* CategoriesTab.swift in Sources */ = {isa = PBXBuildFile; fileRef = 89E971B32A51F0EB00699258 /* CategoriesTab.swift */; };
		89E971B62A51F12500699258 /* SettingsTab.swift in Sources */ = {isa = PBXBuildFile; fileRef = 89E971B52A51F12500699258 /* SettingsTab.swift */; };
		89E971BA2A52DE7900699258 /* NewCategory.swift in Sources */ = {isa = PBXBuildFile; fileRef = 89E971B92A52DE7900699258 /* NewCategory.swift */; };
/* End PBXBuildFile section */

/* Begin PBXFileReference section */
		890BE6AF2A1F6976009D04C8 /* OnlineStore.xcdatamodel */ = {isa = PBXFileReference; lastKnownFileType = wrapper.xcdatamodel; path = OnlineStore.xcdatamodel; sourceTree = "<group>"; };
		890BE6B12A1F9529009D04C8 /* Placeholder.swift */ = {isa = PBXFileReference; lastKnownFileType = sourcecode.swift; path = Placeholder.swift; sourceTree = "<group>"; };
		890BE6B32A1F9590009D04C8 /* PlaceholderViewModel.swift */ = {isa = PBXFileReference; lastKnownFileType = sourcecode.swift; path = PlaceholderViewModel.swift; sourceTree = "<group>"; };
		890BE6B52A262E1C009D04C8 /* Registration.swift */ = {isa = PBXFileReference; lastKnownFileType = sourcecode.swift; path = Registration.swift; sourceTree = "<group>"; };
		890BE6B72A274D31009D04C8 /* Home.swift */ = {isa = PBXFileReference; lastKnownFileType = sourcecode.swift; path = Home.swift; sourceTree = "<group>"; };
		890BE6BB2A274DED009D04C8 /* Tab.swift */ = {isa = PBXFileReference; lastKnownFileType = sourcecode.swift; path = Tab.swift; sourceTree = "<group>"; };
		890BE6BD2A2750D9009D04C8 /* Settings.swift */ = {isa = PBXFileReference; lastKnownFileType = sourcecode.swift; path = Settings.swift; sourceTree = "<group>"; };
		890BE6BF2A2750E3009D04C8 /* Categories.swift */ = {isa = PBXFileReference; lastKnownFileType = sourcecode.swift; path = Categories.swift; sourceTree = "<group>"; };
		890BE6C12A2750EA009D04C8 /* ShoppingCartView.swift */ = {isa = PBXFileReference; lastKnownFileType = sourcecode.swift; path = ShoppingCartView.swift; sourceTree = "<group>"; };
		890BE6C32A275149009D04C8 /* TabController.swift */ = {isa = PBXFileReference; lastKnownFileType = sourcecode.swift; path = TabController.swift; sourceTree = "<group>"; };
		890BE6C52A276367009D04C8 /* ProductRectangle.swift */ = {isa = PBXFileReference; lastKnownFileType = sourcecode.swift; path = ProductRectangle.swift; sourceTree = "<group>"; };
		890BE6CB2A2DED92009D04C8 /* ProductRound.swift */ = {isa = PBXFileReference; lastKnownFileType = sourcecode.swift; path = ProductRound.swift; sourceTree = "<group>"; };
		890BE6CD2A2DF439009D04C8 /* ShoppingCartItem.swift */ = {isa = PBXFileReference; lastKnownFileType = sourcecode.swift; path = ShoppingCartItem.swift; sourceTree = "<group>"; };
		890BE6CF2A30BD57009D04C8 /* Management.swift */ = {isa = PBXFileReference; lastKnownFileType = sourcecode.swift; path = Management.swift; sourceTree = "<group>"; };
		890BE6D12A35D501009D04C8 /* RectangleButton.swift */ = {isa = PBXFileReference; lastKnownFileType = sourcecode.swift; path = RectangleButton.swift; sourceTree = "<group>"; };
		890BE6D32A35D9DB009D04C8 /* NewProduct.swift */ = {isa = PBXFileReference; lastKnownFileType = sourcecode.swift; path = NewProduct.swift; sourceTree = "<group>"; };
		8911A3442A3B4578000B8269 /* Login.swift */ = {isa = PBXFileReference; lastKnownFileType = sourcecode.swift; path = Login.swift; sourceTree = "<group>"; };
		891D7A5C2A56B845008F284E /* AddProductButton.swift */ = {isa = PBXFileReference; lastKnownFileType = sourcecode.swift; path = AddProductButton.swift; sourceTree = "<group>"; };
		895947DD2A825EAF00B70E83 /* CheckoutItemList.swift */ = {isa = PBXFileReference; lastKnownFileType = sourcecode.swift; path = CheckoutItemList.swift; sourceTree = "<group>"; };
		895947DF2A82717B00B70E83 /* InvoiceFields.swift */ = {isa = PBXFileReference; lastKnownFileType = sourcecode.swift; path = InvoiceFields.swift; sourceTree = "<group>"; };
		895947E12A82726000B70E83 /* InvoiceRow.swift */ = {isa = PBXFileReference; lastKnownFileType = sourcecode.swift; path = InvoiceRow.swift; sourceTree = "<group>"; };
		895947E32A82777C00B70E83 /* InvoiceRowBold.swift */ = {isa = PBXFileReference; lastKnownFileType = sourcecode.swift; path = InvoiceRowBold.swift; sourceTree = "<group>"; };
		895947E52A8278A300B70E83 /* ShippingOptions.swift */ = {isa = PBXFileReference; lastKnownFileType = sourcecode.swift; path = ShippingOptions.swift; sourceTree = "<group>"; };
		895947E72A827B0000B70E83 /* ShippingOptionCheckbox.swift */ = {isa = PBXFileReference; lastKnownFileType = sourcecode.swift; path = ShippingOptionCheckbox.swift; sourceTree = "<group>"; };
		895947E92A827D0800B70E83 /* PaymentOptions.swift */ = {isa = PBXFileReference; lastKnownFileType = sourcecode.swift; path = PaymentOptions.swift; sourceTree = "<group>"; };
		895947EB2A827D5800B70E83 /* PaymentOptionCheckbox.swift */ = {isa = PBXFileReference; lastKnownFileType = sourcecode.swift; path = PaymentOptionCheckbox.swift; sourceTree = "<group>"; };
		895947ED2A82805500B70E83 /* ProductCounter.swift */ = {isa = PBXFileReference; lastKnownFileType = sourcecode.swift; path = ProductCounter.swift; sourceTree = "<group>"; };
		895947EF2A8280FA00B70E83 /* ShoppingCartTotal.swift */ = {isa = PBXFileReference; lastKnownFileType = sourcecode.swift; path = ShoppingCartTotal.swift; sourceTree = "<group>"; };
		895947F12A82821600B70E83 /* ShoppingCartItemList.swift */ = {isa = PBXFileReference; lastKnownFileType = sourcecode.swift; path = ShoppingCartItemList.swift; sourceTree = "<group>"; };
		895947F32A8282A900B70E83 /* OrderCounter.swift */ = {isa = PBXFileReference; lastKnownFileType = sourcecode.swift; path = OrderCounter.swift; sourceTree = "<group>"; };
		895947F52A8282F500B70E83 /* OrderItemList.swift */ = {isa = PBXFileReference; lastKnownFileType = sourcecode.swift; path = OrderItemList.swift; sourceTree = "<group>"; };
		895947F72A83DF7B00B70E83 /* ReviewViewModel.swift */ = {isa = PBXFileReference; lastKnownFileType = sourcecode.swift; path = ReviewViewModel.swift; sourceTree = "<group>"; };
		895947F92A83E1C700B70E83 /* AddReview.swift */ = {isa = PBXFileReference; lastKnownFileType = sourcecode.swift; path = AddReview.swift; sourceTree = "<group>"; };
		895947FB2A841FBB00B70E83 /* ReviewItem.swift */ = {isa = PBXFileReference; lastKnownFileType = sourcecode.swift; path = ReviewItem.swift; sourceTree = "<group>"; };
		895947FD2A8530B900B70E83 /* EmptyCategory.swift */ = {isa = PBXFileReference; lastKnownFileType = sourcecode.swift; path = EmptyCategory.swift; sourceTree = "<group>"; };
		895E7C442A3752D10024956E /* ProductManagement.swift */ = {isa = PBXFileReference; lastKnownFileType = sourcecode.swift; path = ProductManagement.swift; sourceTree = "<group>"; };
		895E7C492A39E5350024956E /* CategoryPage.swift */ = {isa = PBXFileReference; lastKnownFileType = sourcecode.swift; path = CategoryPage.swift; sourceTree = "<group>"; };
		895E7C4B2A39E5410024956E /* ProductPage.swift */ = {isa = PBXFileReference; lastKnownFileType = sourcecode.swift; path = ProductPage.swift; sourceTree = "<group>"; };
		895E7C4D2A39EB380024956E /* PlaceholderImage.swift */ = {isa = PBXFileReference; lastKnownFileType = sourcecode.swift; path = PlaceholderImage.swift; sourceTree = "<group>"; };
		895E7C512A39EE430024956E /* ExampleText.swift */ = {isa = PBXFileReference; lastKnownFileType = sourcecode.swift; path = ExampleText.swift; sourceTree = "<group>"; };
		8966C4012A67790F00004358 /* ProductViewModel.swift */ = {isa = PBXFileReference; lastKnownFileType = sourcecode.swift; path = ProductViewModel.swift; sourceTree = "<group>"; };
		8966C4042A6A69D300004358 /* Review+CoreDataClass.swift */ = {isa = PBXFileReference; lastKnownFileType = sourcecode.swift; path = "Review+CoreDataClass.swift"; sourceTree = "<group>"; };
		8966C4052A6A69D300004358 /* Review+CoreDataProperties.swift */ = {isa = PBXFileReference; lastKnownFileType = sourcecode.swift; path = "Review+CoreDataProperties.swift"; sourceTree = "<group>"; };
		8966C4062A6A69D300004358 /* Category+CoreDataClass.swift */ = {isa = PBXFileReference; lastKnownFileType = sourcecode.swift; path = "Category+CoreDataClass.swift"; sourceTree = "<group>"; };
		8966C4072A6A69D300004358 /* Category+CoreDataProperties.swift */ = {isa = PBXFileReference; lastKnownFileType = sourcecode.swift; path = "Category+CoreDataProperties.swift"; sourceTree = "<group>"; };
		8966C4082A6A69D300004358 /* User+CoreDataClass.swift */ = {isa = PBXFileReference; lastKnownFileType = sourcecode.swift; path = "User+CoreDataClass.swift"; sourceTree = "<group>"; };
		8966C4172A6A6AE800004358 /* Product+CoreDataClass.swift */ = {isa = PBXFileReference; lastKnownFileType = sourcecode.swift; path = "Product+CoreDataClass.swift"; sourceTree = "<group>"; };
		8966C4192A71653700004358 /* Checkout.swift */ = {isa = PBXFileReference; lastKnownFileType = sourcecode.swift; path = Checkout.swift; sourceTree = "<group>"; };
		8966C41D2A77F8E700004358 /* CheckoutItem.swift */ = {isa = PBXFileReference; lastKnownFileType = sourcecode.swift; path = CheckoutItem.swift; sourceTree = "<group>"; };
		8966C41F2A78032C00004358 /* PurchaseButton.swift */ = {isa = PBXFileReference; lastKnownFileType = sourcecode.swift; path = PurchaseButton.swift; sourceTree = "<group>"; };
		898F1FCB2A55BF56007CC4B7 /* DeleteUsersButton.swift */ = {isa = PBXFileReference; lastKnownFileType = sourcecode.swift; path = DeleteUsersButton.swift; sourceTree = "<group>"; };
		898F1FD12A55BFC2007CC4B7 /* ExistingAccountButton.swift */ = {isa = PBXFileReference; lastKnownFileType = sourcecode.swift; path = ExistingAccountButton.swift; sourceTree = "<group>"; };
		898F1FD32A55BFF1007CC4B7 /* LoginButton.swift */ = {isa = PBXFileReference; lastKnownFileType = sourcecode.swift; path = LoginButton.swift; sourceTree = "<group>"; };
		898F1FD52A55C018007CC4B7 /* LogoutButton.swift */ = {isa = PBXFileReference; lastKnownFileType = sourcecode.swift; path = LogoutButton.swift; sourceTree = "<group>"; };
		898F1FD72A55C03C007CC4B7 /* NoAccountButton.swift */ = {isa = PBXFileReference; lastKnownFileType = sourcecode.swift; path = NoAccountButton.swift; sourceTree = "<group>"; };
		898F1FDB2A55C091007CC4B7 /* RegisterButton.swift */ = {isa = PBXFileReference; lastKnownFileType = sourcecode.swift; path = RegisterButton.swift; sourceTree = "<group>"; };
		89A596152A547F3600ADDFEC /* ProductFields.swift */ = {isa = PBXFileReference; lastKnownFileType = sourcecode.swift; path = ProductFields.swift; sourceTree = "<group>"; };
		89A596182A548DE800ADDFEC /* CategoryPicker.swift */ = {isa = PBXFileReference; lastKnownFileType = sourcecode.swift; path = CategoryPicker.swift; sourceTree = "<group>"; };
		89A5961A2A548EB600ADDFEC /* ProductPhoto.swift */ = {isa = PBXFileReference; lastKnownFileType = sourcecode.swift; path = ProductPhoto.swift; sourceTree = "<group>"; };
		89A5961C2A54A70600ADDFEC /* Highlight.swift */ = {isa = PBXFileReference; lastKnownFileType = sourcecode.swift; path = Highlight.swift; sourceTree = "<group>"; };
		89A5961E2A54B82300ADDFEC /* HighlightList.swift */ = {isa = PBXFileReference; lastKnownFileType = sourcecode.swift; path = HighlightList.swift; sourceTree = "<group>"; };
		89BECF552A1F5DD700BD0034 /* OnlineStore.app */ = {isa = PBXFileReference; explicitFileType = wrapper.application; includeInIndex = 0; path = OnlineStore.app; sourceTree = BUILT_PRODUCTS_DIR; };
		89BECF582A1F5DD700BD0034 /* OnlineStoreApp.swift */ = {isa = PBXFileReference; lastKnownFileType = sourcecode.swift; path = OnlineStoreApp.swift; sourceTree = "<group>"; };
		89BECF5A2A1F5DD700BD0034 /* ContentView.swift */ = {isa = PBXFileReference; lastKnownFileType = sourcecode.swift; path = ContentView.swift; sourceTree = "<group>"; };
		89BECF5C2A1F5DD800BD0034 /* Assets.xcassets */ = {isa = PBXFileReference; lastKnownFileType = folder.assetcatalog; path = Assets.xcassets; sourceTree = "<group>"; };
		89BECF5F2A1F5DD800BD0034 /* Preview Assets.xcassets */ = {isa = PBXFileReference; lastKnownFileType = folder.assetcatalog; path = "Preview Assets.xcassets"; sourceTree = "<group>"; };
		89BECF612A1F5DD800BD0034 /* Persistence.swift */ = {isa = PBXFileReference; lastKnownFileType = sourcecode.swift; path = Persistence.swift; sourceTree = "<group>"; };
		89BECF662A1F5DD800BD0034 /* Info.plist */ = {isa = PBXFileReference; lastKnownFileType = text.plist.xml; path = Info.plist; sourceTree = "<group>"; };
		89BECF6C2A1F629300BD0034 /* OnlineStore.entitlements */ = {isa = PBXFileReference; lastKnownFileType = text.plist.entitlements; path = OnlineStore.entitlements; sourceTree = "<group>"; };
		89BF1FA72A7A7E2A00779C30 /* Product+CoreDataProperties.swift */ = {isa = PBXFileReference; lastKnownFileType = sourcecode.swift; name = "Product+CoreDataProperties.swift"; path = "../../../Product+CoreDataProperties.swift"; sourceTree = "<group>"; };
		89BF1FA92A7A7E2A00779C30 /* User+CoreDataProperties.swift */ = {isa = PBXFileReference; lastKnownFileType = sourcecode.swift; name = "User+CoreDataProperties.swift"; path = "../../../User+CoreDataProperties.swift"; sourceTree = "<group>"; };
		89BF1FAA2A7A7E2A00779C30 /* Order+CoreDataClass.swift */ = {isa = PBXFileReference; lastKnownFileType = sourcecode.swift; name = "Order+CoreDataClass.swift"; path = "../../../Order+CoreDataClass.swift"; sourceTree = "<group>"; };
		89BF1FAB2A7A7E2A00779C30 /* Order+CoreDataProperties.swift */ = {isa = PBXFileReference; lastKnownFileType = sourcecode.swift; name = "Order+CoreDataProperties.swift"; path = "../../../Order+CoreDataProperties.swift"; sourceTree = "<group>"; };
		89BF1FB12A7A821C00779C30 /* OrderViewModel.swift */ = {isa = PBXFileReference; lastKnownFileType = sourcecode.swift; path = OrderViewModel.swift; sourceTree = "<group>"; };
		89BF1FB32A7D29B100779C30 /* OrderView.swift */ = {isa = PBXFileReference; lastKnownFileType = sourcecode.swift; path = OrderView.swift; sourceTree = "<group>"; };
		89BF1FB52A7D29C700779C30 /* EmptyOrder.swift */ = {isa = PBXFileReference; lastKnownFileType = sourcecode.swift; path = EmptyOrder.swift; sourceTree = "<group>"; };
		89BF1FB72A7D2D8000779C30 /* ShoppingCartPicker.swift */ = {isa = PBXFileReference; lastKnownFileType = sourcecode.swift; path = ShoppingCartPicker.swift; sourceTree = "<group>"; };
		89BF1FB92A7D2EC800779C30 /* OrderItemsAndCounter.swift */ = {isa = PBXFileReference; lastKnownFileType = sourcecode.swift; path = OrderItemsAndCounter.swift; sourceTree = "<group>"; };
		89BF1FBF2A7D436A00779C30 /* OrderItem.swift */ = {isa = PBXFileReference; lastKnownFileType = sourcecode.swift; path = OrderItem.swift; sourceTree = "<group>"; };
		89BF1FC12A7D691A00779C30 /* NotificationViewModel.swift */ = {isa = PBXFileReference; lastKnownFileType = sourcecode.swift; path = NotificationViewModel.swift; sourceTree = "<group>"; };
		89D7F5642A87B8100059387C /* UserManagement.swift */ = {isa = PBXFileReference; lastKnownFileType = sourcecode.swift; path = UserManagement.swift; sourceTree = "<group>"; };
		89D7F5662A87B9B10059387C /* EditProduct.swift */ = {isa = PBXFileReference; lastKnownFileType = sourcecode.swift; path = EditProduct.swift; sourceTree = "<group>"; };
		89D7F5682A87B9BE0059387C /* EditUser.swift */ = {isa = PBXFileReference; lastKnownFileType = sourcecode.swift; path = EditUser.swift; sourceTree = "<group>"; };
		89D7F56A2A87C59D0059387C /* EditProductButton.swift */ = {isa = PBXFileReference; lastKnownFileType = sourcecode.swift; path = EditProductButton.swift; sourceTree = "<group>"; };
		89D7F56C2A88F8670059387C /* EditUserButton.swift */ = {isa = PBXFileReference; lastKnownFileType = sourcecode.swift; path = EditUserButton.swift; sourceTree = "<group>"; };
		89E971732A4B0EF500699258 /* AppData.swift */ = {isa = PBXFileReference; lastKnownFileType = sourcecode.swift; path = AppData.swift; sourceTree = "<group>"; };
		89E971752A4B0F2800699258 /* AppViewModel.swift */ = {isa = PBXFileReference; lastKnownFileType = sourcecode.swift; path = AppViewModel.swift; sourceTree = "<group>"; };
		89E971772A4C1C6B00699258 /* LoadingOverlay.swift */ = {isa = PBXFileReference; lastKnownFileType = sourcecode.swift; path = LoadingOverlay.swift; sourceTree = "<group>"; };
		89E971792A4D7E0F00699258 /* Validation.swift */ = {isa = PBXFileReference; lastKnownFileType = sourcecode.swift; path = Validation.swift; sourceTree = "<group>"; };
		89E9717B2A4D976800699258 /* LoginState.swift */ = {isa = PBXFileReference; lastKnownFileType = sourcecode.swift; path = LoginState.swift; sourceTree = "<group>"; };
		89E971822A4DDB9E00699258 /* UserViewModel.swift */ = {isa = PBXFileReference; lastKnownFileType = sourcecode.swift; name = UserViewModel.swift; path = ../View/Seller/UserViewModel.swift; sourceTree = "<group>"; };
		89E971842A516F5200699258 /* RegistrationFields.swift */ = {isa = PBXFileReference; lastKnownFileType = sourcecode.swift; path = RegistrationFields.swift; sourceTree = "<group>"; };
		89E971892A517A7800699258 /* LoginFields.swift */ = {isa = PBXFileReference; lastKnownFileType = sourcecode.swift; path = LoginFields.swift; sourceTree = "<group>"; };
		89E971942A51E78C00699258 /* TopProducts.swift */ = {isa = PBXFileReference; lastKnownFileType = sourcecode.swift; path = TopProducts.swift; sourceTree = "<group>"; };
		89E971962A51E81F00699258 /* CategoryGrid.swift */ = {isa = PBXFileReference; lastKnownFileType = sourcecode.swift; path = CategoryGrid.swift; sourceTree = "<group>"; };
		89E971982A51E8AB00699258 /* CheckoutButton.swift */ = {isa = PBXFileReference; lastKnownFileType = sourcecode.swift; path = CheckoutButton.swift; sourceTree = "<group>"; };
		89E9719A2A51E8FF00699258 /* EmptyCart.swift */ = {isa = PBXFileReference; lastKnownFileType = sourcecode.swift; path = EmptyCart.swift; sourceTree = "<group>"; };
		89E9719C2A51E95D00699258 /* CartItemsAndCounter.swift */ = {isa = PBXFileReference; lastKnownFileType = sourcecode.swift; path = CartItemsAndCounter.swift; sourceTree = "<group>"; };
		89E9719E2A51EB4400699258 /* CategoriesWithTitle.swift */ = {isa = PBXFileReference; lastKnownFileType = sourcecode.swift; path = CategoriesWithTitle.swift; sourceTree = "<group>"; };
		89E971A02A51EBCB00699258 /* ProductGrid.swift */ = {isa = PBXFileReference; lastKnownFileType = sourcecode.swift; path = ProductGrid.swift; sourceTree = "<group>"; };
		89E971A22A51EC4400699258 /* ProductImages.swift */ = {isa = PBXFileReference; lastKnownFileType = sourcecode.swift; path = ProductImages.swift; sourceTree = "<group>"; };
		89E971A42A51EC9C00699258 /* PriceText.swift */ = {isa = PBXFileReference; lastKnownFileType = sourcecode.swift; path = PriceText.swift; sourceTree = "<group>"; };
		89E971A62A51ECEC00699258 /* ProductDescription.swift */ = {isa = PBXFileReference; lastKnownFileType = sourcecode.swift; path = ProductDescription.swift; sourceTree = "<group>"; };
		89E971A82A51ED8E00699258 /* ProductHighlights.swift */ = {isa = PBXFileReference; lastKnownFileType = sourcecode.swift; path = ProductHighlights.swift; sourceTree = "<group>"; };
		89E971AA2A51EDCD00699258 /* ProductReviews.swift */ = {isa = PBXFileReference; lastKnownFileType = sourcecode.swift; path = ProductReviews.swift; sourceTree = "<group>"; };
		89E971AC2A51EEA100699258 /* ProductToolbar.swift */ = {isa = PBXFileReference; lastKnownFileType = sourcecode.swift; path = ProductToolbar.swift; sourceTree = "<group>"; };
		89E971AF2A51F0B900699258 /* HomeTab.swift */ = {isa = PBXFileReference; lastKnownFileType = sourcecode.swift; name = HomeTab.swift; path = ../../../../HomeTab.swift; sourceTree = "<group>"; };
		89E971B12A51F0DD00699258 /* ShoppingCartTab.swift */ = {isa = PBXFileReference; lastKnownFileType = sourcecode.swift; path = ShoppingCartTab.swift; sourceTree = "<group>"; };
		89E971B32A51F0EB00699258 /* CategoriesTab.swift */ = {isa = PBXFileReference; lastKnownFileType = sourcecode.swift; path = CategoriesTab.swift; sourceTree = "<group>"; };
		89E971B52A51F12500699258 /* SettingsTab.swift */ = {isa = PBXFileReference; lastKnownFileType = sourcecode.swift; path = SettingsTab.swift; sourceTree = "<group>"; };
		89E971B92A52DE7900699258 /* NewCategory.swift */ = {isa = PBXFileReference; lastKnownFileType = sourcecode.swift; path = NewCategory.swift; sourceTree = "<group>"; };
/* End PBXFileReference section */

/* Begin PBXFrameworksBuildPhase section */
		89BECF522A1F5DD700BD0034 /* Frameworks */ = {
			isa = PBXFrameworksBuildPhase;
			buildActionMask = 2147483647;
			files = (
			);
			runOnlyForDeploymentPostprocessing = 0;
		};
/* End PBXFrameworksBuildPhase section */

/* Begin PBXGroup section */
		890BE6C72A2763C5009D04C8 /* View */ = {
			isa = PBXGroup;
			children = (
				89BECF5A2A1F5DD700BD0034 /* ContentView.swift */,
				898F1FDF2A55C10C007CC4B7 /* Login */,
				89E9717F2A4DC79E00699258 /* Customer */,
				89E971802A4DC7BF00699258 /* Seller */,
				89E971862A51731C00699258 /* Sections */,
				895E7C462A386F290024956E /* Elements */,
			);
			path = View;
			sourceTree = "<group>";
		};
		890BE6C92A27640F009D04C8 /* Model */ = {
			isa = PBXGroup;
			children = (
				89A596142A54677000ADDFEC /* NSManagedObjects */,
				89E971812A4DCB6B00699258 /* Enum */,
				898F1FBA2A55BC2C007CC4B7 /* ExampleAssets */,
				89E971732A4B0EF500699258 /* AppData.swift */,
				89BECF612A1F5DD800BD0034 /* Persistence.swift */,
				890BE6AE2A1F6976009D04C8 /* OnlineStore.xcdatamodeld */,
			);
			path = Model;
			sourceTree = "<group>";
		};
		890BE6CA2A276446009D04C8 /* ViewModel */ = {
			isa = PBXGroup;
			children = (
				890BE6B32A1F9590009D04C8 /* PlaceholderViewModel.swift */,
				89E971822A4DDB9E00699258 /* UserViewModel.swift */,
				8966C4012A67790F00004358 /* ProductViewModel.swift */,
				89BF1FB12A7A821C00779C30 /* OrderViewModel.swift */,
				895947F72A83DF7B00B70E83 /* ReviewViewModel.swift */,
				89BF1FC12A7D691A00779C30 /* NotificationViewModel.swift */,
				89E971752A4B0F2800699258 /* AppViewModel.swift */,
			);
			path = ViewModel;
			sourceTree = "<group>";
		};
		895E7C462A386F290024956E /* Elements */ = {
			isa = PBXGroup;
			children = (
				898F1FDE2A55C0F4007CC4B7 /* Overlays */,
				898F1FDD2A55C0CA007CC4B7 /* LoginElements */,
				898F1FBF2A55BD21007CC4B7 /* CustomerElements */,
				898F1FC02A55BD2F007CC4B7 /* SellerElements */,
				895E7C4D2A39EB380024956E /* PlaceholderImage.swift */,
			);
			path = Elements;
			sourceTree = "<group>";
		};
		898F1FBA2A55BC2C007CC4B7 /* ExampleAssets */ = {
			isa = PBXGroup;
			children = (
				890BE6B12A1F9529009D04C8 /* Placeholder.swift */,
				895E7C512A39EE430024956E /* ExampleText.swift */,
			);
			path = ExampleAssets;
			sourceTree = "<group>";
		};
		898F1FBC2A55BC97007CC4B7 /* CustomerSections */ = {
			isa = PBXGroup;
			children = (
				895947E52A8278A300B70E83 /* ShippingOptions.swift */,
				895947E92A827D0800B70E83 /* PaymentOptions.swift */,
				895947DF2A82717B00B70E83 /* InvoiceFields.swift */,
				89E971942A51E78C00699258 /* TopProducts.swift */,
				89E971962A51E81F00699258 /* CategoryGrid.swift */,
				89E971A02A51EBCB00699258 /* ProductGrid.swift */,
				895947DD2A825EAF00B70E83 /* CheckoutItemList.swift */,
				89E971A62A51ECEC00699258 /* ProductDescription.swift */,
				89E971A82A51ED8E00699258 /* ProductHighlights.swift */,
				89E971AA2A51EDCD00699258 /* ProductReviews.swift */,
				895947FB2A841FBB00B70E83 /* ReviewItem.swift */,
				89E9719C2A51E95D00699258 /* CartItemsAndCounter.swift */,
				895947F12A82821600B70E83 /* ShoppingCartItemList.swift */,
				89BF1FB92A7D2EC800779C30 /* OrderItemsAndCounter.swift */,
				895947F52A8282F500B70E83 /* OrderItemList.swift */,
				89E9719E2A51EB4400699258 /* CategoriesWithTitle.swift */,
				89E971AC2A51EEA100699258 /* ProductToolbar.swift */,
			);
			path = CustomerSections;
			sourceTree = "<group>";
		};
		898F1FBD2A55BCA1007CC4B7 /* SellerSections */ = {
			isa = PBXGroup;
			children = (
				89A596152A547F3600ADDFEC /* ProductFields.swift */,
				89A5961E2A54B82300ADDFEC /* HighlightList.swift */,
				89A5961A2A548EB600ADDFEC /* ProductPhoto.swift */,
				89A596182A548DE800ADDFEC /* CategoryPicker.swift */,
			);
			path = SellerSections;
			sourceTree = "<group>";
		};
		898F1FBF2A55BD21007CC4B7 /* CustomerElements */ = {
			isa = PBXGroup;
			children = (
				895947F32A8282A900B70E83 /* OrderCounter.swift */,
				895947EF2A8280FA00B70E83 /* ShoppingCartTotal.swift */,
				895947ED2A82805500B70E83 /* ProductCounter.swift */,
				895947E72A827B0000B70E83 /* ShippingOptionCheckbox.swift */,
				895947EB2A827D5800B70E83 /* PaymentOptionCheckbox.swift */,
				895947E12A82726000B70E83 /* InvoiceRow.swift */,
				895947E32A82777C00B70E83 /* InvoiceRowBold.swift */,
				8966C41F2A78032C00004358 /* PurchaseButton.swift */,
				8966C41D2A77F8E700004358 /* CheckoutItem.swift */,
				89E971A22A51EC4400699258 /* ProductImages.swift */,
				89E971982A51E8AB00699258 /* CheckoutButton.swift */,
				890BE6C52A276367009D04C8 /* ProductRectangle.swift */,
				890BE6CB2A2DED92009D04C8 /* ProductRound.swift */,
				890BE6CD2A2DF439009D04C8 /* ShoppingCartItem.swift */,
				89BF1FBF2A7D436A00779C30 /* OrderItem.swift */,
				89E9719A2A51E8FF00699258 /* EmptyCart.swift */,
				89BF1FB52A7D29C700779C30 /* EmptyOrder.swift */,
				895947FD2A8530B900B70E83 /* EmptyCategory.swift */,
				89E971A42A51EC9C00699258 /* PriceText.swift */,
			);
			path = CustomerElements;
			sourceTree = "<group>";
		};
		898F1FC02A55BD2F007CC4B7 /* SellerElements */ = {
			isa = PBXGroup;
			children = (
				891D7A5C2A56B845008F284E /* AddProductButton.swift */,
				89D7F56A2A87C59D0059387C /* EditProductButton.swift */,
				89D7F56C2A88F8670059387C /* EditUserButton.swift */,
				890BE6D12A35D501009D04C8 /* RectangleButton.swift */,
			);
			path = SellerElements;
			sourceTree = "<group>";
		};
		898F1FDD2A55C0CA007CC4B7 /* LoginElements */ = {
			isa = PBXGroup;
			children = (
				898F1FD72A55C03C007CC4B7 /* NoAccountButton.swift */,
				898F1FDB2A55C091007CC4B7 /* RegisterButton.swift */,
				898F1FD52A55C018007CC4B7 /* LogoutButton.swift */,
				898F1FD32A55BFF1007CC4B7 /* LoginButton.swift */,
				898F1FD12A55BFC2007CC4B7 /* ExistingAccountButton.swift */,
				898F1FCB2A55BF56007CC4B7 /* DeleteUsersButton.swift */,
			);
			path = LoginElements;
			sourceTree = "<group>";
		};
		898F1FDE2A55C0F4007CC4B7 /* Overlays */ = {
			isa = PBXGroup;
			children = (
				89E971772A4C1C6B00699258 /* LoadingOverlay.swift */,
			);
			path = Overlays;
			sourceTree = "<group>";
		};
		898F1FDF2A55C10C007CC4B7 /* Login */ = {
			isa = PBXGroup;
			children = (
				890BE6B52A262E1C009D04C8 /* Registration.swift */,
				8911A3442A3B4578000B8269 /* Login.swift */,
			);
			path = Login;
			sourceTree = "<group>";
		};
		89A596142A54677000ADDFEC /* NSManagedObjects */ = {
			isa = PBXGroup;
			children = (
				89BF1FAA2A7A7E2A00779C30 /* Order+CoreDataClass.swift */,
				89BF1FAB2A7A7E2A00779C30 /* Order+CoreDataProperties.swift */,
				8966C4172A6A6AE800004358 /* Product+CoreDataClass.swift */,
				89BF1FA72A7A7E2A00779C30 /* Product+CoreDataProperties.swift */,
				8966C4042A6A69D300004358 /* Review+CoreDataClass.swift */,
				8966C4052A6A69D300004358 /* Review+CoreDataProperties.swift */,
				8966C4062A6A69D300004358 /* Category+CoreDataClass.swift */,
				8966C4072A6A69D300004358 /* Category+CoreDataProperties.swift */,
				8966C4082A6A69D300004358 /* User+CoreDataClass.swift */,
				89BF1FA92A7A7E2A00779C30 /* User+CoreDataProperties.swift */,
			);
			path = NSManagedObjects;
			sourceTree = "<group>";
		};
		89BECF4C2A1F5DD700BD0034 = {
			isa = PBXGroup;
			children = (
				89BECF572A1F5DD700BD0034 /* OnlineStore */,
				89BECF562A1F5DD700BD0034 /* Products */,
			);
			sourceTree = "<group>";
		};
		89BECF562A1F5DD700BD0034 /* Products */ = {
			isa = PBXGroup;
			children = (
				89BECF552A1F5DD700BD0034 /* OnlineStore.app */,
			);
			name = Products;
			sourceTree = "<group>";
		};
		89BECF572A1F5DD700BD0034 /* OnlineStore */ = {
			isa = PBXGroup;
			children = (
				89BECF6C2A1F629300BD0034 /* OnlineStore.entitlements */,
				89BECF582A1F5DD700BD0034 /* OnlineStoreApp.swift */,
				890BE6C92A27640F009D04C8 /* Model */,
				890BE6C72A2763C5009D04C8 /* View */,
				890BE6CA2A276446009D04C8 /* ViewModel */,
				89BECF5C2A1F5DD800BD0034 /* Assets.xcassets */,
				89BECF662A1F5DD800BD0034 /* Info.plist */,
				89BECF5E2A1F5DD800BD0034 /* Preview Content */,
			);
			path = OnlineStore;
			sourceTree = "<group>";
		};
		89BECF5E2A1F5DD800BD0034 /* Preview Content */ = {
			isa = PBXGroup;
			children = (
				89BECF5F2A1F5DD800BD0034 /* Preview Assets.xcassets */,
			);
			path = "Preview Content";
			sourceTree = "<group>";
		};
		89E9717F2A4DC79E00699258 /* Customer */ = {
			isa = PBXGroup;
			children = (
				89E971AE2A51F0A700699258 /* Tabs */,
				890BE6C32A275149009D04C8 /* TabController.swift */,
				890BE6B72A274D31009D04C8 /* Home.swift */,
				89BF1FB72A7D2D8000779C30 /* ShoppingCartPicker.swift */,
				890BE6C12A2750EA009D04C8 /* ShoppingCartView.swift */,
				89BF1FB32A7D29B100779C30 /* OrderView.swift */,
				890BE6BF2A2750E3009D04C8 /* Categories.swift */,
				895E7C492A39E5350024956E /* CategoryPage.swift */,
				895E7C4B2A39E5410024956E /* ProductPage.swift */,
				895947F92A83E1C700B70E83 /* AddReview.swift */,
				890BE6BD2A2750D9009D04C8 /* Settings.swift */,
				8966C4192A71653700004358 /* Checkout.swift */,
			);
			path = Customer;
			sourceTree = "<group>";
		};
		89E971802A4DC7BF00699258 /* Seller */ = {
			isa = PBXGroup;
			children = (
				890BE6CF2A30BD57009D04C8 /* Management.swift */,
				890BE6D32A35D9DB009D04C8 /* NewProduct.swift */,
				89A5961C2A54A70600ADDFEC /* Highlight.swift */,
				89E971B92A52DE7900699258 /* NewCategory.swift */,
				895E7C442A3752D10024956E /* ProductManagement.swift */,
				89D7F5642A87B8100059387C /* UserManagement.swift */,
				89D7F5662A87B9B10059387C /* EditProduct.swift */,
				89D7F5682A87B9BE0059387C /* EditUser.swift */,
			);
			path = Seller;
			sourceTree = "<group>";
		};
		89E971812A4DCB6B00699258 /* Enum */ = {
			isa = PBXGroup;
			children = (
				89E9717B2A4D976800699258 /* LoginState.swift */,
				89E971792A4D7E0F00699258 /* Validation.swift */,
				890BE6BB2A274DED009D04C8 /* Tab.swift */,
			);
			path = Enum;
			sourceTree = "<group>";
		};
		89E971862A51731C00699258 /* Sections */ = {
			isa = PBXGroup;
			children = (
				89E971842A516F5200699258 /* RegistrationFields.swift */,
				89E971892A517A7800699258 /* LoginFields.swift */,
				898F1FBC2A55BC97007CC4B7 /* CustomerSections */,
				898F1FBD2A55BCA1007CC4B7 /* SellerSections */,
			);
			path = Sections;
			sourceTree = "<group>";
		};
		89E971AE2A51F0A700699258 /* Tabs */ = {
			isa = PBXGroup;
			children = (
				89E971AF2A51F0B900699258 /* HomeTab.swift */,
				89E971B12A51F0DD00699258 /* ShoppingCartTab.swift */,
				89E971B32A51F0EB00699258 /* CategoriesTab.swift */,
				89E971B52A51F12500699258 /* SettingsTab.swift */,
			);
			path = Tabs;
			sourceTree = "<group>";
		};
/* End PBXGroup section */

/* Begin PBXNativeTarget section */
		89BECF542A1F5DD700BD0034 /* OnlineStore */ = {
			isa = PBXNativeTarget;
			buildConfigurationList = 89BECF692A1F5DD800BD0034 /* Build configuration list for PBXNativeTarget "OnlineStore" */;
			buildPhases = (
				89BECF512A1F5DD700BD0034 /* Sources */,
				89BECF522A1F5DD700BD0034 /* Frameworks */,
				89BECF532A1F5DD700BD0034 /* Resources */,
			);
			buildRules = (
			);
			dependencies = (
			);
			name = OnlineStore;
			productName = OnlineStore;
			productReference = 89BECF552A1F5DD700BD0034 /* OnlineStore.app */;
			productType = "com.apple.product-type.application";
		};
/* End PBXNativeTarget section */

/* Begin PBXProject section */
		89BECF4D2A1F5DD700BD0034 /* Project object */ = {
			isa = PBXProject;
			attributes = {
				BuildIndependentTargetsInParallel = 1;
				LastSwiftUpdateCheck = 1430;
				LastUpgradeCheck = 1430;
				TargetAttributes = {
					89BECF542A1F5DD700BD0034 = {
						CreatedOnToolsVersion = 14.3;
					};
				};
			};
			buildConfigurationList = 89BECF502A1F5DD700BD0034 /* Build configuration list for PBXProject "OnlineStore" */;
			compatibilityVersion = "Xcode 14.0";
			developmentRegion = en;
			hasScannedForEncodings = 0;
			knownRegions = (
				en,
				Base,
			);
			mainGroup = 89BECF4C2A1F5DD700BD0034;
			productRefGroup = 89BECF562A1F5DD700BD0034 /* Products */;
			projectDirPath = "";
			projectRoot = "";
			targets = (
				89BECF542A1F5DD700BD0034 /* OnlineStore */,
			);
		};
/* End PBXProject section */

/* Begin PBXResourcesBuildPhase section */
		89BECF532A1F5DD700BD0034 /* Resources */ = {
			isa = PBXResourcesBuildPhase;
			buildActionMask = 2147483647;
			files = (
				89BECF602A1F5DD800BD0034 /* Preview Assets.xcassets in Resources */,
				89BECF5D2A1F5DD800BD0034 /* Assets.xcassets in Resources */,
			);
			runOnlyForDeploymentPostprocessing = 0;
		};
/* End PBXResourcesBuildPhase section */

/* Begin PBXSourcesBuildPhase section */
		89BECF512A1F5DD700BD0034 /* Sources */ = {
			isa = PBXSourcesBuildPhase;
			buildActionMask = 2147483647;
			files = (
				898F1FD62A55C018007CC4B7 /* LogoutButton.swift in Sources */,
				89BECF622A1F5DD800BD0034 /* Persistence.swift in Sources */,
				890BE6CC2A2DED92009D04C8 /* ProductRound.swift in Sources */,
				89E971B22A51F0DD00699258 /* ShoppingCartTab.swift in Sources */,
				89E971762A4B0F2800699258 /* AppViewModel.swift in Sources */,
				890BE6CE2A2DF439009D04C8 /* ShoppingCartItem.swift in Sources */,
				895947E22A82726000B70E83 /* InvoiceRow.swift in Sources */,
				89BF1FB02A7A7E2A00779C30 /* Order+CoreDataProperties.swift in Sources */,
				89E971AB2A51EDCD00699258 /* ProductReviews.swift in Sources */,
				895947F42A8282A900B70E83 /* OrderCounter.swift in Sources */,
				89D7F5652A87B8100059387C /* UserManagement.swift in Sources */,
				895947E82A827B0000B70E83 /* ShippingOptionCheckbox.swift in Sources */,
				89D7F5672A87B9B10059387C /* EditProduct.swift in Sources */,
				898F1FD82A55C03C007CC4B7 /* NoAccountButton.swift in Sources */,
				89A5961B2A548EB600ADDFEC /* ProductPhoto.swift in Sources */,
				89E971B02A51F0B900699258 /* HomeTab.swift in Sources */,
				89BF1FAE2A7A7E2A00779C30 /* User+CoreDataProperties.swift in Sources */,
				895947EA2A827D0800B70E83 /* PaymentOptions.swift in Sources */,
				8966C41E2A77F8E800004358 /* CheckoutItem.swift in Sources */,
				89E971A12A51EBCB00699258 /* ProductGrid.swift in Sources */,
				89BF1FAC2A7A7E2A00779C30 /* Product+CoreDataProperties.swift in Sources */,
				890BE6B22A1F9529009D04C8 /* Placeholder.swift in Sources */,
				89D7F5692A87B9BE0059387C /* EditUser.swift in Sources */,
				895947FA2A83E1C700B70E83 /* AddReview.swift in Sources */,
				890BE6C42A275149009D04C8 /* TabController.swift in Sources */,
				89D7F56B2A87C59D0059387C /* EditProductButton.swift in Sources */,
				89BF1FAF2A7A7E2A00779C30 /* Order+CoreDataClass.swift in Sources */,
				895947E02A82717B00B70E83 /* InvoiceFields.swift in Sources */,
				895947FC2A841FBB00B70E83 /* ReviewItem.swift in Sources */,
				898F1FD42A55BFF1007CC4B7 /* LoginButton.swift in Sources */,
				89E971A92A51ED8E00699258 /* ProductHighlights.swift in Sources */,
				89E9719B2A51E8FF00699258 /* EmptyCart.swift in Sources */,
				890BE6B62A262E1C009D04C8 /* Registration.swift in Sources */,
				890BE6B42A1F9590009D04C8 /* PlaceholderViewModel.swift in Sources */,
				89BF1FB82A7D2D8000779C30 /* ShoppingCartPicker.swift in Sources */,
				895947EC2A827D5800B70E83 /* PaymentOptionCheckbox.swift in Sources */,
				89E9719F2A51EB4400699258 /* CategoriesWithTitle.swift in Sources */,
				89E9718A2A517A7800699258 /* LoginFields.swift in Sources */,
				8966C40C2A6A69D300004358 /* Review+CoreDataProperties.swift in Sources */,
				8966C40E2A6A69D300004358 /* Category+CoreDataProperties.swift in Sources */,
				89E971952A51E78C00699258 /* TopProducts.swift in Sources */,
				89A596162A547F3600ADDFEC /* ProductFields.swift in Sources */,
				890BE6D02A30BD57009D04C8 /* Management.swift in Sources */,
				895947E62A8278A300B70E83 /* ShippingOptions.swift in Sources */,
				895947F62A8282F500B70E83 /* OrderItemList.swift in Sources */,
				89E971742A4B0EF500699258 /* AppData.swift in Sources */,
				89A5961F2A54B82300ADDFEC /* HighlightList.swift in Sources */,
				89E971B62A51F12500699258 /* SettingsTab.swift in Sources */,
				89E971B42A51F0EB00699258 /* CategoriesTab.swift in Sources */,
				89E971992A51E8AB00699258 /* CheckoutButton.swift in Sources */,
				8966C40B2A6A69D300004358 /* Review+CoreDataClass.swift in Sources */,
				89A5961D2A54A70600ADDFEC /* Highlight.swift in Sources */,
				890BE6BE2A2750D9009D04C8 /* Settings.swift in Sources */,
				89BF1FB62A7D29C700779C30 /* EmptyOrder.swift in Sources */,
				8966C40F2A6A69D300004358 /* User+CoreDataClass.swift in Sources */,
				89BF1FC22A7D691A00779C30 /* NotificationViewModel.swift in Sources */,
				89E971BA2A52DE7900699258 /* NewCategory.swift in Sources */,
				898F1FD22A55BFC2007CC4B7 /* ExistingAccountButton.swift in Sources */,
				89E971782A4C1C6B00699258 /* LoadingOverlay.swift in Sources */,
				89BECF5B2A1F5DD700BD0034 /* ContentView.swift in Sources */,
				89E971AD2A51EEA100699258 /* ProductToolbar.swift in Sources */,
				89E971A32A51EC4400699258 /* ProductImages.swift in Sources */,
				89E971852A516F5200699258 /* RegistrationFields.swift in Sources */,
				895947DE2A825EAF00B70E83 /* CheckoutItemList.swift in Sources */,
				890BE6C02A2750E3009D04C8 /* Categories.swift in Sources */,
				895E7C4E2A39EB380024956E /* PlaceholderImage.swift in Sources */,
				89E971972A51E81F00699258 /* CategoryGrid.swift in Sources */,
				890BE6D42A35D9DB009D04C8 /* NewProduct.swift in Sources */,
				8966C4182A6A6AE800004358 /* Product+CoreDataClass.swift in Sources */,
				895E7C522A39EE430024956E /* ExampleText.swift in Sources */,
				898F1FDC2A55C091007CC4B7 /* RegisterButton.swift in Sources */,
				890BE6C22A2750EA009D04C8 /* ShoppingCartView.swift in Sources */,
				895947F22A82821600B70E83 /* ShoppingCartItemList.swift in Sources */,
				89E9719D2A51E95D00699258 /* CartItemsAndCounter.swift in Sources */,
				895947E42A82777C00B70E83 /* InvoiceRowBold.swift in Sources */,
				890BE6B02A1F6976009D04C8 /* OnlineStore.xcdatamodeld in Sources */,
				898F1FCC2A55BF56007CC4B7 /* DeleteUsersButton.swift in Sources */,
				8966C41A2A71653700004358 /* Checkout.swift in Sources */,
				895947F82A83DF7B00B70E83 /* ReviewViewModel.swift in Sources */,
				890BE6D22A35D501009D04C8 /* RectangleButton.swift in Sources */,
				89E971A52A51EC9C00699258 /* PriceText.swift in Sources */,
				89E9717A2A4D7E0F00699258 /* Validation.swift in Sources */,
				895947F02A8280FA00B70E83 /* ShoppingCartTotal.swift in Sources */,
				89BF1FB42A7D29B100779C30 /* OrderView.swift in Sources */,
				8966C40D2A6A69D300004358 /* Category+CoreDataClass.swift in Sources */,
				895E7C4A2A39E5350024956E /* CategoryPage.swift in Sources */,
				895E7C4C2A39E5410024956E /* ProductPage.swift in Sources */,
				890BE6BC2A274DED009D04C8 /* Tab.swift in Sources */,
				890BE6B82A274D31009D04C8 /* Home.swift in Sources */,
				89E971832A4DDB9E00699258 /* UserViewModel.swift in Sources */,
				89E9717C2A4D976800699258 /* LoginState.swift in Sources */,
				8966C4202A78032D00004358 /* PurchaseButton.swift in Sources */,
				895947EE2A82805500B70E83 /* ProductCounter.swift in Sources */,
				89BF1FC02A7D436A00779C30 /* OrderItem.swift in Sources */,
				89E971A72A51ECEC00699258 /* ProductDescription.swift in Sources */,
				8911A3452A3B4578000B8269 /* Login.swift in Sources */,
				89D7F56D2A88F8670059387C /* EditUserButton.swift in Sources */,
				89A596192A548DE800ADDFEC /* CategoryPicker.swift in Sources */,
				895947FE2A8530B900B70E83 /* EmptyCategory.swift in Sources */,
				89BECF592A1F5DD700BD0034 /* OnlineStoreApp.swift in Sources */,
				890BE6C62A276367009D04C8 /* ProductRectangle.swift in Sources */,
				895E7C452A3752D10024956E /* ProductManagement.swift in Sources */,
				89BF1FB22A7A821C00779C30 /* OrderViewModel.swift in Sources */,
				891D7A5D2A56B845008F284E /* AddProductButton.swift in Sources */,
				8966C4022A67790F00004358 /* ProductViewModel.swift in Sources */,
				89BF1FBA2A7D2EC800779C30 /* OrderItemsAndCounter.swift in Sources */,
			);
			runOnlyForDeploymentPostprocessing = 0;
		};
/* End PBXSourcesBuildPhase section */

/* Begin XCBuildConfiguration section */
		89BECF672A1F5DD800BD0034 /* Debug */ = {
			isa = XCBuildConfiguration;
			buildSettings = {
				ALWAYS_SEARCH_USER_PATHS = NO;
				CLANG_ANALYZER_NONNULL = YES;
				CLANG_ANALYZER_NUMBER_OBJECT_CONVERSION = YES_AGGRESSIVE;
				CLANG_CXX_LANGUAGE_STANDARD = "gnu++20";
				CLANG_ENABLE_MODULES = YES;
				CLANG_ENABLE_OBJC_ARC = YES;
				CLANG_ENABLE_OBJC_WEAK = YES;
				CLANG_WARN_BLOCK_CAPTURE_AUTORELEASING = YES;
				CLANG_WARN_BOOL_CONVERSION = YES;
				CLANG_WARN_COMMA = YES;
				CLANG_WARN_CONSTANT_CONVERSION = YES;
				CLANG_WARN_DEPRECATED_OBJC_IMPLEMENTATIONS = YES;
				CLANG_WARN_DIRECT_OBJC_ISA_USAGE = YES_ERROR;
				CLANG_WARN_DOCUMENTATION_COMMENTS = YES;
				CLANG_WARN_EMPTY_BODY = YES;
				CLANG_WARN_ENUM_CONVERSION = YES;
				CLANG_WARN_INFINITE_RECURSION = YES;
				CLANG_WARN_INT_CONVERSION = YES;
				CLANG_WARN_NON_LITERAL_NULL_CONVERSION = YES;
				CLANG_WARN_OBJC_IMPLICIT_RETAIN_SELF = YES;
				CLANG_WARN_OBJC_LITERAL_CONVERSION = YES;
				CLANG_WARN_OBJC_ROOT_CLASS = YES_ERROR;
				CLANG_WARN_QUOTED_INCLUDE_IN_FRAMEWORK_HEADER = YES;
				CLANG_WARN_RANGE_LOOP_ANALYSIS = YES;
				CLANG_WARN_STRICT_PROTOTYPES = YES;
				CLANG_WARN_SUSPICIOUS_MOVE = YES;
				CLANG_WARN_UNGUARDED_AVAILABILITY = YES_AGGRESSIVE;
				CLANG_WARN_UNREACHABLE_CODE = YES;
				CLANG_WARN__DUPLICATE_METHOD_MATCH = YES;
				COPY_PHASE_STRIP = NO;
				DEBUG_INFORMATION_FORMAT = dwarf;
				ENABLE_STRICT_OBJC_MSGSEND = YES;
				ENABLE_TESTABILITY = YES;
				GCC_C_LANGUAGE_STANDARD = gnu11;
				GCC_DYNAMIC_NO_PIC = NO;
				GCC_NO_COMMON_BLOCKS = YES;
				GCC_OPTIMIZATION_LEVEL = 0;
				GCC_PREPROCESSOR_DEFINITIONS = (
					"DEBUG=1",
					"$(inherited)",
				);
				GCC_WARN_64_TO_32_BIT_CONVERSION = YES;
				GCC_WARN_ABOUT_RETURN_TYPE = YES_ERROR;
				GCC_WARN_UNDECLARED_SELECTOR = YES;
				GCC_WARN_UNINITIALIZED_AUTOS = YES_AGGRESSIVE;
				GCC_WARN_UNUSED_FUNCTION = YES;
				GCC_WARN_UNUSED_VARIABLE = YES;
				IPHONEOS_DEPLOYMENT_TARGET = 16.4;
				MTL_ENABLE_DEBUG_INFO = INCLUDE_SOURCE;
				MTL_FAST_MATH = YES;
				ONLY_ACTIVE_ARCH = YES;
				SDKROOT = iphoneos;
				SWIFT_ACTIVE_COMPILATION_CONDITIONS = DEBUG;
				SWIFT_OPTIMIZATION_LEVEL = "-Onone";
			};
			name = Debug;
		};
		89BECF682A1F5DD800BD0034 /* Release */ = {
			isa = XCBuildConfiguration;
			buildSettings = {
				ALWAYS_SEARCH_USER_PATHS = NO;
				CLANG_ANALYZER_NONNULL = YES;
				CLANG_ANALYZER_NUMBER_OBJECT_CONVERSION = YES_AGGRESSIVE;
				CLANG_CXX_LANGUAGE_STANDARD = "gnu++20";
				CLANG_ENABLE_MODULES = YES;
				CLANG_ENABLE_OBJC_ARC = YES;
				CLANG_ENABLE_OBJC_WEAK = YES;
				CLANG_WARN_BLOCK_CAPTURE_AUTORELEASING = YES;
				CLANG_WARN_BOOL_CONVERSION = YES;
				CLANG_WARN_COMMA = YES;
				CLANG_WARN_CONSTANT_CONVERSION = YES;
				CLANG_WARN_DEPRECATED_OBJC_IMPLEMENTATIONS = YES;
				CLANG_WARN_DIRECT_OBJC_ISA_USAGE = YES_ERROR;
				CLANG_WARN_DOCUMENTATION_COMMENTS = YES;
				CLANG_WARN_EMPTY_BODY = YES;
				CLANG_WARN_ENUM_CONVERSION = YES;
				CLANG_WARN_INFINITE_RECURSION = YES;
				CLANG_WARN_INT_CONVERSION = YES;
				CLANG_WARN_NON_LITERAL_NULL_CONVERSION = YES;
				CLANG_WARN_OBJC_IMPLICIT_RETAIN_SELF = YES;
				CLANG_WARN_OBJC_LITERAL_CONVERSION = YES;
				CLANG_WARN_OBJC_ROOT_CLASS = YES_ERROR;
				CLANG_WARN_QUOTED_INCLUDE_IN_FRAMEWORK_HEADER = YES;
				CLANG_WARN_RANGE_LOOP_ANALYSIS = YES;
				CLANG_WARN_STRICT_PROTOTYPES = YES;
				CLANG_WARN_SUSPICIOUS_MOVE = YES;
				CLANG_WARN_UNGUARDED_AVAILABILITY = YES_AGGRESSIVE;
				CLANG_WARN_UNREACHABLE_CODE = YES;
				CLANG_WARN__DUPLICATE_METHOD_MATCH = YES;
				COPY_PHASE_STRIP = NO;
				DEBUG_INFORMATION_FORMAT = "dwarf-with-dsym";
				ENABLE_NS_ASSERTIONS = NO;
				ENABLE_STRICT_OBJC_MSGSEND = YES;
				GCC_C_LANGUAGE_STANDARD = gnu11;
				GCC_NO_COMMON_BLOCKS = YES;
				GCC_WARN_64_TO_32_BIT_CONVERSION = YES;
				GCC_WARN_ABOUT_RETURN_TYPE = YES_ERROR;
				GCC_WARN_UNDECLARED_SELECTOR = YES;
				GCC_WARN_UNINITIALIZED_AUTOS = YES_AGGRESSIVE;
				GCC_WARN_UNUSED_FUNCTION = YES;
				GCC_WARN_UNUSED_VARIABLE = YES;
				IPHONEOS_DEPLOYMENT_TARGET = 16.4;
				MTL_ENABLE_DEBUG_INFO = NO;
				MTL_FAST_MATH = YES;
				SDKROOT = iphoneos;
				SWIFT_COMPILATION_MODE = wholemodule;
				SWIFT_OPTIMIZATION_LEVEL = "-O";
				VALIDATE_PRODUCT = YES;
			};
			name = Release;
		};
		89BECF6A2A1F5DD800BD0034 /* Debug */ = {
			isa = XCBuildConfiguration;
			buildSettings = {
				ASSETCATALOG_COMPILER_APPICON_NAME = AppIcon;
				ASSETCATALOG_COMPILER_GLOBAL_ACCENT_COLOR_NAME = AccentColor;
				CODE_SIGN_ENTITLEMENTS = OnlineStore/OnlineStore.entitlements;
				CODE_SIGN_STYLE = Automatic;
				CURRENT_PROJECT_VERSION = 1;
				DEVELOPMENT_ASSET_PATHS = "\"OnlineStore/Preview Content\"";
				DEVELOPMENT_TEAM = E5ZZ8MJF58;
				ENABLE_PREVIEWS = YES;
				GENERATE_INFOPLIST_FILE = YES;
				INFOPLIST_FILE = OnlineStore/Info.plist;
				INFOPLIST_KEY_UIApplicationSceneManifest_Generation = YES;
				INFOPLIST_KEY_UIApplicationSupportsIndirectInputEvents = YES;
				INFOPLIST_KEY_UILaunchScreen_Generation = YES;
				INFOPLIST_KEY_UISupportedInterfaceOrientations_iPad = "UIInterfaceOrientationPortrait UIInterfaceOrientationPortraitUpsideDown UIInterfaceOrientationLandscapeLeft UIInterfaceOrientationLandscapeRight";
				INFOPLIST_KEY_UISupportedInterfaceOrientations_iPhone = "UIInterfaceOrientationPortrait UIInterfaceOrientationLandscapeLeft UIInterfaceOrientationLandscapeRight";
				LD_RUNPATH_SEARCH_PATHS = (
					"$(inherited)",
					"@executable_path/Frameworks",
				);
				MARKETING_VERSION = 1.0;
				PRODUCT_BUNDLE_IDENTIFIER = THKoeln.Store;
				PRODUCT_NAME = "$(TARGET_NAME)";
				SWIFT_COMPILATION_MODE = singlefile;
				SWIFT_EMIT_LOC_STRINGS = YES;
				SWIFT_VERSION = 5.0;
				TARGETED_DEVICE_FAMILY = "1,2";
			};
			name = Debug;
		};
		89BECF6B2A1F5DD800BD0034 /* Release */ = {
			isa = XCBuildConfiguration;
			buildSettings = {
				ASSETCATALOG_COMPILER_APPICON_NAME = AppIcon;
				ASSETCATALOG_COMPILER_GLOBAL_ACCENT_COLOR_NAME = AccentColor;
				CODE_SIGN_ENTITLEMENTS = OnlineStore/OnlineStore.entitlements;
				CODE_SIGN_STYLE = Automatic;
				CURRENT_PROJECT_VERSION = 1;
				DEVELOPMENT_ASSET_PATHS = "\"OnlineStore/Preview Content\"";
				DEVELOPMENT_TEAM = E5ZZ8MJF58;
				ENABLE_PREVIEWS = YES;
				GENERATE_INFOPLIST_FILE = YES;
				INFOPLIST_FILE = OnlineStore/Info.plist;
				INFOPLIST_KEY_UIApplicationSceneManifest_Generation = YES;
				INFOPLIST_KEY_UIApplicationSupportsIndirectInputEvents = YES;
				INFOPLIST_KEY_UILaunchScreen_Generation = YES;
				INFOPLIST_KEY_UISupportedInterfaceOrientations_iPad = "UIInterfaceOrientationPortrait UIInterfaceOrientationPortraitUpsideDown UIInterfaceOrientationLandscapeLeft UIInterfaceOrientationLandscapeRight";
				INFOPLIST_KEY_UISupportedInterfaceOrientations_iPhone = "UIInterfaceOrientationPortrait UIInterfaceOrientationLandscapeLeft UIInterfaceOrientationLandscapeRight";
				LD_RUNPATH_SEARCH_PATHS = (
					"$(inherited)",
					"@executable_path/Frameworks",
				);
				MARKETING_VERSION = 1.0;
				PRODUCT_BUNDLE_IDENTIFIER = THKoeln.Store;
				PRODUCT_NAME = "$(TARGET_NAME)";
				SWIFT_COMPILATION_MODE = singlefile;
				SWIFT_EMIT_LOC_STRINGS = YES;
				SWIFT_VERSION = 5.0;
				TARGETED_DEVICE_FAMILY = "1,2";
			};
			name = Release;
		};
/* End XCBuildConfiguration section */

/* Begin XCConfigurationList section */
		89BECF502A1F5DD700BD0034 /* Build configuration list for PBXProject "OnlineStore" */ = {
			isa = XCConfigurationList;
			buildConfigurations = (
				89BECF672A1F5DD800BD0034 /* Debug */,
				89BECF682A1F5DD800BD0034 /* Release */,
			);
			defaultConfigurationIsVisible = 0;
			defaultConfigurationName = Release;
		};
		89BECF692A1F5DD800BD0034 /* Build configuration list for PBXNativeTarget "OnlineStore" */ = {
			isa = XCConfigurationList;
			buildConfigurations = (
				89BECF6A2A1F5DD800BD0034 /* Debug */,
				89BECF6B2A1F5DD800BD0034 /* Release */,
			);
			defaultConfigurationIsVisible = 0;
			defaultConfigurationName = Release;
		};
/* End XCConfigurationList section */

/* Begin XCVersionGroup section */
		890BE6AE2A1F6976009D04C8 /* OnlineStore.xcdatamodeld */ = {
			isa = XCVersionGroup;
			children = (
				890BE6AF2A1F6976009D04C8 /* OnlineStore.xcdatamodel */,
			);
			currentVersion = 890BE6AF2A1F6976009D04C8 /* OnlineStore.xcdatamodel */;
			path = OnlineStore.xcdatamodeld;
			sourceTree = "<group>";
			versionGroupType = wrapper.xcdatamodel;
		};
/* End XCVersionGroup section */
	};
	rootObject = 89BECF4D2A1F5DD700BD0034 /* Project object */;
}
